// !$*UTF8*$!
{
	archiveVersion = 1;
	classes = {
	};
	objectVersion = 48;
	objects = {

/* Begin PBXBuildFile section */
		D1CE43951F76E17000181910 /* ASPolylineView.framework in Frameworks */ = {isa = PBXBuildFile; fileRef = D1CE43941F76E17000181910 /* ASPolylineView.framework */; };
		D1EBA6221F72CD1A00E43BA5 /* AppDelegate.swift in Sources */ = {isa = PBXBuildFile; fileRef = D1EBA6211F72CD1A00E43BA5 /* AppDelegate.swift */; };
		D1EBA6241F72CD1A00E43BA5 /* MapViewController.swift in Sources */ = {isa = PBXBuildFile; fileRef = D1EBA6231F72CD1A00E43BA5 /* MapViewController.swift */; };
		D1EBA6271F72CD1A00E43BA5 /* Main.storyboard in Resources */ = {isa = PBXBuildFile; fileRef = D1EBA6251F72CD1A00E43BA5 /* Main.storyboard */; };
		D1EBA6291F72CD1A00E43BA5 /* Assets.xcassets in Resources */ = {isa = PBXBuildFile; fileRef = D1EBA6281F72CD1A00E43BA5 /* Assets.xcassets */; };
		D1EBA62C1F72CD1A00E43BA5 /* LaunchScreen.storyboard in Resources */ = {isa = PBXBuildFile; fileRef = D1EBA62A1F72CD1A00E43BA5 /* LaunchScreen.storyboard */; };
		D1EBA6371F72CD1A00E43BA5 /* Trace_my_routeTests.swift in Sources */ = {isa = PBXBuildFile; fileRef = D1EBA6361F72CD1A00E43BA5 /* Trace_my_routeTests.swift */; };
		D1EBA6421F72CD1A00E43BA5 /* Trace_my_routeUITests.swift in Sources */ = {isa = PBXBuildFile; fileRef = D1EBA6411F72CD1A00E43BA5 /* Trace_my_routeUITests.swift */; };
		D1EBA6511F72EDDB00E43BA5 /* MapKit.framework in Frameworks */ = {isa = PBXBuildFile; fileRef = D1EBA6501F72EDDB00E43BA5 /* MapKit.framework */; };
		D1FFB5B61F77B2AF003A4219 /* GoogleMobileAds.framework in Frameworks */ = {isa = PBXBuildFile; fileRef = D1FFB5B51F77B25C003A4219 /* GoogleMobileAds.framework */; };
/* End PBXBuildFile section */

/* Begin PBXContainerItemProxy section */
		D1EBA6331F72CD1A00E43BA5 /* PBXContainerItemProxy */ = {
			isa = PBXContainerItemProxy;
			containerPortal = D1EBA6161F72CD1A00E43BA5 /* Project object */;
			proxyType = 1;
			remoteGlobalIDString = D1EBA61D1F72CD1A00E43BA5;
			remoteInfo = "Trace my route";
		};
		D1EBA63E1F72CD1A00E43BA5 /* PBXContainerItemProxy */ = {
			isa = PBXContainerItemProxy;
			containerPortal = D1EBA6161F72CD1A00E43BA5 /* Project object */;
			proxyType = 1;
			remoteGlobalIDString = D1EBA61D1F72CD1A00E43BA5;
			remoteInfo = "Trace my route";
		};
/* End PBXContainerItemProxy section */

/* Begin PBXFileReference section */
		D1CE43941F76E17000181910 /* ASPolylineView.framework */ = {isa = PBXFileReference; lastKnownFileType = wrapper.framework; name = ASPolylineView.framework; path = Carthage/Build/iOS/ASPolylineView.framework; sourceTree = "<group>"; };
		D1EBA61E1F72CD1A00E43BA5 /* Trace my route.app */ = {isa = PBXFileReference; explicitFileType = wrapper.application; includeInIndex = 0; path = "Trace my route.app"; sourceTree = BUILT_PRODUCTS_DIR; };
		D1EBA6211F72CD1A00E43BA5 /* AppDelegate.swift */ = {isa = PBXFileReference; lastKnownFileType = sourcecode.swift; path = AppDelegate.swift; sourceTree = "<group>"; };
		D1EBA6231F72CD1A00E43BA5 /* MapViewController.swift */ = {isa = PBXFileReference; lastKnownFileType = sourcecode.swift; path = MapViewController.swift; sourceTree = "<group>"; };
		D1EBA6261F72CD1A00E43BA5 /* Base */ = {isa = PBXFileReference; lastKnownFileType = file.storyboard; name = Base; path = Base.lproj/Main.storyboard; sourceTree = "<group>"; };
		D1EBA6281F72CD1A00E43BA5 /* Assets.xcassets */ = {isa = PBXFileReference; lastKnownFileType = folder.assetcatalog; path = Assets.xcassets; sourceTree = "<group>"; };
		D1EBA62B1F72CD1A00E43BA5 /* Base */ = {isa = PBXFileReference; lastKnownFileType = file.storyboard; name = Base; path = Base.lproj/LaunchScreen.storyboard; sourceTree = "<group>"; };
		D1EBA62D1F72CD1A00E43BA5 /* Info.plist */ = {isa = PBXFileReference; lastKnownFileType = text.plist.xml; path = Info.plist; sourceTree = "<group>"; };
		D1EBA6321F72CD1A00E43BA5 /* Trace my routeTests.xctest */ = {isa = PBXFileReference; explicitFileType = wrapper.cfbundle; includeInIndex = 0; path = "Trace my routeTests.xctest"; sourceTree = BUILT_PRODUCTS_DIR; };
		D1EBA6361F72CD1A00E43BA5 /* Trace_my_routeTests.swift */ = {isa = PBXFileReference; lastKnownFileType = sourcecode.swift; path = Trace_my_routeTests.swift; sourceTree = "<group>"; };
		D1EBA6381F72CD1A00E43BA5 /* Info.plist */ = {isa = PBXFileReference; lastKnownFileType = text.plist.xml; path = Info.plist; sourceTree = "<group>"; };
		D1EBA63D1F72CD1A00E43BA5 /* Trace my routeUITests.xctest */ = {isa = PBXFileReference; explicitFileType = wrapper.cfbundle; includeInIndex = 0; path = "Trace my routeUITests.xctest"; sourceTree = BUILT_PRODUCTS_DIR; };
		D1EBA6411F72CD1A00E43BA5 /* Trace_my_routeUITests.swift */ = {isa = PBXFileReference; lastKnownFileType = sourcecode.swift; path = Trace_my_routeUITests.swift; sourceTree = "<group>"; };
		D1EBA6431F72CD1A00E43BA5 /* Info.plist */ = {isa = PBXFileReference; lastKnownFileType = text.plist.xml; path = Info.plist; sourceTree = "<group>"; };
		D1EBA6501F72EDDB00E43BA5 /* MapKit.framework */ = {isa = PBXFileReference; lastKnownFileType = wrapper.framework; name = MapKit.framework; path = System/Library/Frameworks/MapKit.framework; sourceTree = SDKROOT; };
		D1FFB5B51F77B25C003A4219 /* GoogleMobileAds.framework */ = {isa = PBXFileReference; lastKnownFileType = wrapper.framework; path = GoogleMobileAds.framework; sourceTree = "<group>"; };
/* End PBXFileReference section */

/* Begin PBXFrameworksBuildPhase section */
		D1EBA61B1F72CD1A00E43BA5 /* Frameworks */ = {
			isa = PBXFrameworksBuildPhase;
			buildActionMask = 2147483647;
			files = (
				D1EBA6511F72EDDB00E43BA5 /* MapKit.framework in Frameworks */,
				D1CE43951F76E17000181910 /* ASPolylineView.framework in Frameworks */,
				D1FFB5B61F77B2AF003A4219 /* GoogleMobileAds.framework in Frameworks */,
			);
			runOnlyForDeploymentPostprocessing = 0;
		};
		D1EBA62F1F72CD1A00E43BA5 /* Frameworks */ = {
			isa = PBXFrameworksBuildPhase;
			buildActionMask = 2147483647;
			files = (
			);
			runOnlyForDeploymentPostprocessing = 0;
		};
		D1EBA63A1F72CD1A00E43BA5 /* Frameworks */ = {
			isa = PBXFrameworksBuildPhase;
			buildActionMask = 2147483647;
			files = (
			);
			runOnlyForDeploymentPostprocessing = 0;
		};
/* End PBXFrameworksBuildPhase section */

/* Begin PBXGroup section */
		D1EBA6151F72CD1A00E43BA5 = {
			isa = PBXGroup;
			children = (
				D1EBA6201F72CD1A00E43BA5 /* Trace my route */,
				D1EBA6351F72CD1A00E43BA5 /* Trace my routeTests */,
				D1EBA6401F72CD1A00E43BA5 /* Trace my routeUITests */,
				D1EBA61F1F72CD1A00E43BA5 /* Products */,
				D1EBA64F1F72EDDB00E43BA5 /* Frameworks */,
			);
			sourceTree = "<group>";
		};
		D1EBA61F1F72CD1A00E43BA5 /* Products */ = {
			isa = PBXGroup;
			children = (
				D1EBA61E1F72CD1A00E43BA5 /* Trace my route.app */,
				D1EBA6321F72CD1A00E43BA5 /* Trace my routeTests.xctest */,
				D1EBA63D1F72CD1A00E43BA5 /* Trace my routeUITests.xctest */,
			);
			name = Products;
			sourceTree = "<group>";
		};
		D1EBA6201F72CD1A00E43BA5 /* Trace my route */ = {
			isa = PBXGroup;
			children = (
				D1EBA6211F72CD1A00E43BA5 /* AppDelegate.swift */,
				D1EBA6231F72CD1A00E43BA5 /* MapViewController.swift */,
				D1EBA6251F72CD1A00E43BA5 /* Main.storyboard */,
				D1EBA6281F72CD1A00E43BA5 /* Assets.xcassets */,
				D1EBA62A1F72CD1A00E43BA5 /* LaunchScreen.storyboard */,
				D1EBA62D1F72CD1A00E43BA5 /* Info.plist */,
			);
			path = "Trace my route";
			sourceTree = "<group>";
		};
		D1EBA6351F72CD1A00E43BA5 /* Trace my routeTests */ = {
			isa = PBXGroup;
			children = (
				D1EBA6361F72CD1A00E43BA5 /* Trace_my_routeTests.swift */,
				D1EBA6381F72CD1A00E43BA5 /* Info.plist */,
			);
			path = "Trace my routeTests";
			sourceTree = "<group>";
		};
		D1EBA6401F72CD1A00E43BA5 /* Trace my routeUITests */ = {
			isa = PBXGroup;
			children = (
				D1EBA6411F72CD1A00E43BA5 /* Trace_my_routeUITests.swift */,
				D1EBA6431F72CD1A00E43BA5 /* Info.plist */,
			);
			path = "Trace my routeUITests";
			sourceTree = "<group>";
		};
		D1EBA64F1F72EDDB00E43BA5 /* Frameworks */ = {
			isa = PBXGroup;
			children = (
				D1FFB5B51F77B25C003A4219 /* GoogleMobileAds.framework */,
				D1CE43941F76E17000181910 /* ASPolylineView.framework */,
				D1EBA6501F72EDDB00E43BA5 /* MapKit.framework */,
			);
			name = Frameworks;
			sourceTree = "<group>";
		};
/* End PBXGroup section */

/* Begin PBXNativeTarget section */
		D1EBA61D1F72CD1A00E43BA5 /* Trace my route */ = {
			isa = PBXNativeTarget;
			buildConfigurationList = D1EBA6461F72CD1A00E43BA5 /* Build configuration list for PBXNativeTarget "Trace my route" */;
			buildPhases = (
				D1EBA61A1F72CD1A00E43BA5 /* Sources */,
				D1EBA61B1F72CD1A00E43BA5 /* Frameworks */,
				D1EBA61C1F72CD1A00E43BA5 /* Resources */,
				D12529A01F757B140081E530 /* ShellScript */,
			);
			buildRules = (
			);
			dependencies = (
			);
			name = "Trace my route";
			productName = "Trace my route";
			productReference = D1EBA61E1F72CD1A00E43BA5 /* Trace my route.app */;
			productType = "com.apple.product-type.application";
		};
		D1EBA6311F72CD1A00E43BA5 /* Trace my routeTests */ = {
			isa = PBXNativeTarget;
			buildConfigurationList = D1EBA6491F72CD1A00E43BA5 /* Build configuration list for PBXNativeTarget "Trace my routeTests" */;
			buildPhases = (
				D1EBA62E1F72CD1A00E43BA5 /* Sources */,
				D1EBA62F1F72CD1A00E43BA5 /* Frameworks */,
				D1EBA6301F72CD1A00E43BA5 /* Resources */,
			);
			buildRules = (
			);
			dependencies = (
				D1EBA6341F72CD1A00E43BA5 /* PBXTargetDependency */,
			);
			name = "Trace my routeTests";
			productName = "Trace my routeTests";
			productReference = D1EBA6321F72CD1A00E43BA5 /* Trace my routeTests.xctest */;
			productType = "com.apple.product-type.bundle.unit-test";
		};
		D1EBA63C1F72CD1A00E43BA5 /* Trace my routeUITests */ = {
			isa = PBXNativeTarget;
			buildConfigurationList = D1EBA64C1F72CD1A00E43BA5 /* Build configuration list for PBXNativeTarget "Trace my routeUITests" */;
			buildPhases = (
				D1EBA6391F72CD1A00E43BA5 /* Sources */,
				D1EBA63A1F72CD1A00E43BA5 /* Frameworks */,
				D1EBA63B1F72CD1A00E43BA5 /* Resources */,
			);
			buildRules = (
			);
			dependencies = (
				D1EBA63F1F72CD1A00E43BA5 /* PBXTargetDependency */,
			);
			name = "Trace my routeUITests";
			productName = "Trace my routeUITests";
			productReference = D1EBA63D1F72CD1A00E43BA5 /* Trace my routeUITests.xctest */;
			productType = "com.apple.product-type.bundle.ui-testing";
		};
/* End PBXNativeTarget section */

/* Begin PBXProject section */
		D1EBA6161F72CD1A00E43BA5 /* Project object */ = {
			isa = PBXProject;
			attributes = {
				LastSwiftUpdateCheck = 0900;
				LastUpgradeCheck = 0900;
				ORGANIZATIONNAME = "Jean-Baptiste de BERLHE";
				TargetAttributes = {
					D1EBA61D1F72CD1A00E43BA5 = {
						CreatedOnToolsVersion = 9.0;
						ProvisioningStyle = Automatic;
						SystemCapabilities = {
							com.apple.BackgroundModes = {
								enabled = 1;
							};
							com.apple.Maps.iOS = {
								enabled = 1;
							};
						};
					};
					D1EBA6311F72CD1A00E43BA5 = {
						CreatedOnToolsVersion = 9.0;
						ProvisioningStyle = Automatic;
						TestTargetID = D1EBA61D1F72CD1A00E43BA5;
					};
					D1EBA63C1F72CD1A00E43BA5 = {
						CreatedOnToolsVersion = 9.0;
						ProvisioningStyle = Automatic;
						TestTargetID = D1EBA61D1F72CD1A00E43BA5;
					};
				};
			};
			buildConfigurationList = D1EBA6191F72CD1A00E43BA5 /* Build configuration list for PBXProject "Trace my route" */;
			compatibilityVersion = "Xcode 8.0";
			developmentRegion = en;
			hasScannedForEncodings = 0;
			knownRegions = (
				en,
				Base,
			);
			mainGroup = D1EBA6151F72CD1A00E43BA5;
			productRefGroup = D1EBA61F1F72CD1A00E43BA5 /* Products */;
			projectDirPath = "";
			projectRoot = "";
			targets = (
				D1EBA61D1F72CD1A00E43BA5 /* Trace my route */,
				D1EBA6311F72CD1A00E43BA5 /* Trace my routeTests */,
				D1EBA63C1F72CD1A00E43BA5 /* Trace my routeUITests */,
			);
		};
/* End PBXProject section */

/* Begin PBXResourcesBuildPhase section */
		D1EBA61C1F72CD1A00E43BA5 /* Resources */ = {
			isa = PBXResourcesBuildPhase;
			buildActionMask = 2147483647;
			files = (
				D1EBA62C1F72CD1A00E43BA5 /* LaunchScreen.storyboard in Resources */,
				D1EBA6291F72CD1A00E43BA5 /* Assets.xcassets in Resources */,
				D1EBA6271F72CD1A00E43BA5 /* Main.storyboard in Resources */,
			);
			runOnlyForDeploymentPostprocessing = 0;
		};
		D1EBA6301F72CD1A00E43BA5 /* Resources */ = {
			isa = PBXResourcesBuildPhase;
			buildActionMask = 2147483647;
			files = (
			);
			runOnlyForDeploymentPostprocessing = 0;
		};
		D1EBA63B1F72CD1A00E43BA5 /* Resources */ = {
			isa = PBXResourcesBuildPhase;
			buildActionMask = 2147483647;
			files = (
			);
			runOnlyForDeploymentPostprocessing = 0;
		};
/* End PBXResourcesBuildPhase section */

/* Begin PBXShellScriptBuildPhase section */
		D12529A01F757B140081E530 /* ShellScript */ = {
			isa = PBXShellScriptBuildPhase;
			buildActionMask = 2147483647;
			files = (
			);
			inputPaths = (
				"$(SRCROOT)/Carthage/Build/iOS/ASPolylineView.framework",
			);
			outputPaths = (
				"$(BUILT_PRODUCTS_DIR)/$(FRAMEWORKS_FOLDER_PATH)/ASPolylineView.framework",
			);
			runOnlyForDeploymentPostprocessing = 0;
			shellPath = /bin/sh;
			shellScript = "/usr/local/bin/carthage copy-frameworks";
		};
/* End PBXShellScriptBuildPhase section */

/* Begin PBXSourcesBuildPhase section */
		D1EBA61A1F72CD1A00E43BA5 /* Sources */ = {
			isa = PBXSourcesBuildPhase;
			buildActionMask = 2147483647;
			files = (
				D1EBA6241F72CD1A00E43BA5 /* MapViewController.swift in Sources */,
				D1EBA6221F72CD1A00E43BA5 /* AppDelegate.swift in Sources */,
			);
			runOnlyForDeploymentPostprocessing = 0;
		};
		D1EBA62E1F72CD1A00E43BA5 /* Sources */ = {
			isa = PBXSourcesBuildPhase;
			buildActionMask = 2147483647;
			files = (
				D1EBA6371F72CD1A00E43BA5 /* Trace_my_routeTests.swift in Sources */,
			);
			runOnlyForDeploymentPostprocessing = 0;
		};
		D1EBA6391F72CD1A00E43BA5 /* Sources */ = {
			isa = PBXSourcesBuildPhase;
			buildActionMask = 2147483647;
			files = (
				D1EBA6421F72CD1A00E43BA5 /* Trace_my_routeUITests.swift in Sources */,
			);
			runOnlyForDeploymentPostprocessing = 0;
		};
/* End PBXSourcesBuildPhase section */

/* Begin PBXTargetDependency section */
		D1EBA6341F72CD1A00E43BA5 /* PBXTargetDependency */ = {
			isa = PBXTargetDependency;
			target = D1EBA61D1F72CD1A00E43BA5 /* Trace my route */;
			targetProxy = D1EBA6331F72CD1A00E43BA5 /* PBXContainerItemProxy */;
		};
		D1EBA63F1F72CD1A00E43BA5 /* PBXTargetDependency */ = {
			isa = PBXTargetDependency;
			target = D1EBA61D1F72CD1A00E43BA5 /* Trace my route */;
			targetProxy = D1EBA63E1F72CD1A00E43BA5 /* PBXContainerItemProxy */;
		};
/* End PBXTargetDependency section */

/* Begin PBXVariantGroup section */
		D1EBA6251F72CD1A00E43BA5 /* Main.storyboard */ = {
			isa = PBXVariantGroup;
			children = (
				D1EBA6261F72CD1A00E43BA5 /* Base */,
			);
			name = Main.storyboard;
			sourceTree = "<group>";
		};
		D1EBA62A1F72CD1A00E43BA5 /* LaunchScreen.storyboard */ = {
			isa = PBXVariantGroup;
			children = (
				D1EBA62B1F72CD1A00E43BA5 /* Base */,
			);
			name = LaunchScreen.storyboard;
			sourceTree = "<group>";
		};
/* End PBXVariantGroup section */

/* Begin XCBuildConfiguration section */
		D1EBA6441F72CD1A00E43BA5 /* Debug */ = {
			isa = XCBuildConfiguration;
			buildSettings = {
				ALWAYS_SEARCH_USER_PATHS = NO;
				CLANG_ANALYZER_NONNULL = YES;
				CLANG_ANALYZER_NUMBER_OBJECT_CONVERSION = YES_AGGRESSIVE;
				CLANG_CXX_LANGUAGE_STANDARD = "gnu++14";
				CLANG_CXX_LIBRARY = "libc++";
				CLANG_ENABLE_MODULES = YES;
				CLANG_ENABLE_OBJC_ARC = YES;
				CLANG_WARN_BLOCK_CAPTURE_AUTORELEASING = YES;
				CLANG_WARN_BOOL_CONVERSION = YES;
				CLANG_WARN_COMMA = YES;
				CLANG_WARN_CONSTANT_CONVERSION = YES;
				CLANG_WARN_DIRECT_OBJC_ISA_USAGE = YES_ERROR;
				CLANG_WARN_DOCUMENTATION_COMMENTS = YES;
				CLANG_WARN_EMPTY_BODY = YES;
				CLANG_WARN_ENUM_CONVERSION = YES;
				CLANG_WARN_INFINITE_RECURSION = YES;
				CLANG_WARN_INT_CONVERSION = YES;
				CLANG_WARN_NON_LITERAL_NULL_CONVERSION = YES;
				CLANG_WARN_OBJC_LITERAL_CONVERSION = YES;
				CLANG_WARN_OBJC_ROOT_CLASS = YES_ERROR;
				CLANG_WARN_RANGE_LOOP_ANALYSIS = YES;
				CLANG_WARN_STRICT_PROTOTYPES = YES;
				CLANG_WARN_SUSPICIOUS_MOVE = YES;
				CLANG_WARN_UNGUARDED_AVAILABILITY = YES_AGGRESSIVE;
				CLANG_WARN_UNREACHABLE_CODE = YES;
				CLANG_WARN__DUPLICATE_METHOD_MATCH = YES;
				CODE_SIGN_IDENTITY = "iPhone Developer";
				COPY_PHASE_STRIP = NO;
				DEBUG_INFORMATION_FORMAT = dwarf;
				ENABLE_STRICT_OBJC_MSGSEND = YES;
				ENABLE_TESTABILITY = YES;
				GCC_C_LANGUAGE_STANDARD = gnu11;
				GCC_DYNAMIC_NO_PIC = NO;
				GCC_NO_COMMON_BLOCKS = YES;
				GCC_OPTIMIZATION_LEVEL = 0;
				GCC_PREPROCESSOR_DEFINITIONS = (
					"DEBUG=1",
					"$(inherited)",
				);
				GCC_WARN_64_TO_32_BIT_CONVERSION = YES;
				GCC_WARN_ABOUT_RETURN_TYPE = YES_ERROR;
				GCC_WARN_UNDECLARED_SELECTOR = YES;
				GCC_WARN_UNINITIALIZED_AUTOS = YES_AGGRESSIVE;
				GCC_WARN_UNUSED_FUNCTION = YES;
				GCC_WARN_UNUSED_VARIABLE = YES;
				IPHONEOS_DEPLOYMENT_TARGET = 11.0;
				MTL_ENABLE_DEBUG_INFO = YES;
				ONLY_ACTIVE_ARCH = YES;
				SDKROOT = iphoneos;
				SWIFT_ACTIVE_COMPILATION_CONDITIONS = DEBUG;
				SWIFT_OPTIMIZATION_LEVEL = "-Onone";
			};
			name = Debug;
		};
		D1EBA6451F72CD1A00E43BA5 /* Release */ = {
			isa = XCBuildConfiguration;
			buildSettings = {
				ALWAYS_SEARCH_USER_PATHS = NO;
				CLANG_ANALYZER_NONNULL = YES;
				CLANG_ANALYZER_NUMBER_OBJECT_CONVERSION = YES_AGGRESSIVE;
				CLANG_CXX_LANGUAGE_STANDARD = "gnu++14";
				CLANG_CXX_LIBRARY = "libc++";
				CLANG_ENABLE_MODULES = YES;
				CLANG_ENABLE_OBJC_ARC = YES;
				CLANG_WARN_BLOCK_CAPTURE_AUTORELEASING = YES;
				CLANG_WARN_BOOL_CONVERSION = YES;
				CLANG_WARN_COMMA = YES;
				CLANG_WARN_CONSTANT_CONVERSION = YES;
				CLANG_WARN_DIRECT_OBJC_ISA_USAGE = YES_ERROR;
				CLANG_WARN_DOCUMENTATION_COMMENTS = YES;
				CLANG_WARN_EMPTY_BODY = YES;
				CLANG_WARN_ENUM_CONVERSION = YES;
				CLANG_WARN_INFINITE_RECURSION = YES;
				CLANG_WARN_INT_CONVERSION = YES;
				CLANG_WARN_NON_LITERAL_NULL_CONVERSION = YES;
				CLANG_WARN_OBJC_LITERAL_CONVERSION = YES;
				CLANG_WARN_OBJC_ROOT_CLASS = YES_ERROR;
				CLANG_WARN_RANGE_LOOP_ANALYSIS = YES;
				CLANG_WARN_STRICT_PROTOTYPES = YES;
				CLANG_WARN_SUSPICIOUS_MOVE = YES;
				CLANG_WARN_UNGUARDED_AVAILABILITY = YES_AGGRESSIVE;
				CLANG_WARN_UNREACHABLE_CODE = YES;
				CLANG_WARN__DUPLICATE_METHOD_MATCH = YES;
				CODE_SIGN_IDENTITY = "iPhone Developer";
				COPY_PHASE_STRIP = NO;
				DEBUG_INFORMATION_FORMAT = "dwarf-with-dsym";
				ENABLE_NS_ASSERTIONS = NO;
				ENABLE_STRICT_OBJC_MSGSEND = YES;
				GCC_C_LANGUAGE_STANDARD = gnu11;
				GCC_NO_COMMON_BLOCKS = YES;
				GCC_WARN_64_TO_32_BIT_CONVERSION = YES;
				GCC_WARN_ABOUT_RETURN_TYPE = YES_ERROR;
				GCC_WARN_UNDECLARED_SELECTOR = YES;
				GCC_WARN_UNINITIALIZED_AUTOS = YES_AGGRESSIVE;
				GCC_WARN_UNUSED_FUNCTION = YES;
				GCC_WARN_UNUSED_VARIABLE = YES;
				IPHONEOS_DEPLOYMENT_TARGET = 11.0;
				MTL_ENABLE_DEBUG_INFO = NO;
				SDKROOT = iphoneos;
				SWIFT_OPTIMIZATION_LEVEL = "-Owholemodule";
				VALIDATE_PRODUCT = YES;
			};
			name = Release;
		};
		D1EBA6471F72CD1A00E43BA5 /* Debug */ = {
			isa = XCBuildConfiguration;
			buildSettings = {
				ASSETCATALOG_COMPILER_APPICON_NAME = AppIcon;
				ASSETCATALOG_COMPILER_LAUNCHIMAGE_NAME = LaunchImage;
				CODE_SIGN_STYLE = Automatic;
				DEVELOPMENT_TEAM = B39N84CHMB;
				FRAMEWORK_SEARCH_PATHS = (
					"$(inherited)",
					"$(PROJECT_DIR)/Carthage/Build/iOS",
					"$(PROJECT_DIR)",
				);
				INFOPLIST_FILE = "Trace my route/Info.plist";
				IPHONEOS_DEPLOYMENT_TARGET = 11.0;
				LD_RUNPATH_SEARCH_PATHS = "$(inherited) @executable_path/Frameworks";
				PRODUCT_BUNDLE_IDENTIFIER = "com.deberlhe.jean-baptiste.Trace-my-route";
				PRODUCT_NAME = "$(TARGET_NAME)";
				SWIFT_VERSION = 4.0;
				TARGETED_DEVICE_FAMILY = 1;
			};
			name = Debug;
		};
		D1EBA6481F72CD1A00E43BA5 /* Release */ = {
			isa = XCBuildConfiguration;
			buildSettings = {
				ASSETCATALOG_COMPILER_APPICON_NAME = AppIcon;
				ASSETCATALOG_COMPILER_LAUNCHIMAGE_NAME = LaunchImage;
				CODE_SIGN_STYLE = Automatic;
				DEVELOPMENT_TEAM = B39N84CHMB;
				FRAMEWORK_SEARCH_PATHS = (
					"$(inherited)",
					"$(PROJECT_DIR)/Carthage/Build/iOS",
					"$(PROJECT_DIR)",
				);
				INFOPLIST_FILE = "Trace my route/Info.plist";
				IPHONEOS_DEPLOYMENT_TARGET = 11.0;
				LD_RUNPATH_SEARCH_PATHS = "$(inherited) @executable_path/Frameworks";
				PRODUCT_BUNDLE_IDENTIFIER = "com.deberlhe.jean-baptiste.Trace-my-route";
				PRODUCT_NAME = "$(TARGET_NAME)";
				SWIFT_VERSION = 4.0;
				TARGETED_DEVICE_FAMILY = 1;
			};
			name = Release;
		};
		D1EBA64A1F72CD1A00E43BA5 /* Debug */ = {
			isa = XCBuildConfiguration;
			buildSettings = {
				ALWAYS_EMBED_SWIFT_STANDARD_LIBRARIES = YES;
				BUNDLE_LOADER = "$(TEST_HOST)";
				CODE_SIGN_STYLE = Automatic;
				DEVELOPMENT_TEAM = B39N84CHMB;
				INFOPLIST_FILE = "Trace my routeTests/Info.plist";
				LD_RUNPATH_SEARCH_PATHS = "$(inherited) @executable_path/Frameworks @loader_path/Frameworks";
				PRODUCT_BUNDLE_IDENTIFIER = "com.deberlhe.jean-baptiste.Trace-my-routeTests";
				PRODUCT_NAME = "$(TARGET_NAME)";
				SWIFT_VERSION = 4.0;
				TARGETED_DEVICE_FAMILY = "1,2";
				TEST_HOST = "$(BUILT_PRODUCTS_DIR)/Trace my route.app/Trace my route";
			};
			name = Debug;
		};
		D1EBA64B1F72CD1A00E43BA5 /* Release */ = {
			isa = XCBuildConfiguration;
			buildSettings = {
				ALWAYS_EMBED_SWIFT_STANDARD_LIBRARIES = YES;
				BUNDLE_LOADER = "$(TEST_HOST)";
				CODE_SIGN_STYLE = Automatic;
				DEVELOPMENT_TEAM = B39N84CHMB;
				INFOPLIST_FILE = "Trace my routeTests/Info.plist";
				LD_RUNPATH_SEARCH_PATHS = "$(inherited) @executable_path/Frameworks @loader_path/Frameworks";
				PRODUCT_BUNDLE_IDENTIFIER = "com.deberlhe.jean-baptiste.Trace-my-routeTests";
				PRODUCT_NAME = "$(TARGET_NAME)";
				SWIFT_VERSION = 4.0;
				TARGETED_DEVICE_FAMILY = "1,2";
				TEST_HOST = "$(BUILT_PRODUCTS_DIR)/Trace my route.app/Trace my route";
			};
			name = Release;
		};
		D1EBA64D1F72CD1A00E43BA5 /* Debug */ = {
			isa = XCBuildConfiguration;
			buildSettings = {
				ALWAYS_EMBED_SWIFT_STANDARD_LIBRARIES = YES;
				CODE_SIGN_STYLE = Automatic;
				DEVELOPMENT_TEAM = B39N84CHMB;
				INFOPLIST_FILE = "Trace my routeUITests/Info.plist";
				LD_RUNPATH_SEARCH_PATHS = "$(inherited) @executable_path/Frameworks @loader_path/Frameworks";
				PRODUCT_BUNDLE_IDENTIFIER = "com.deberlhe.jean-baptiste.Trace-my-routeUITests";
				PRODUCT_NAME = "$(TARGET_NAME)";
				SWIFT_VERSION = 4.0;
				TARGETED_DEVICE_FAMILY = "1,2";
				TEST_TARGET_NAME = "Trace my route";
			};
			name = Debug;
		};
		D1EBA64E1F72CD1A00E43BA5 /* Release */ = {
			isa = XCBuildConfiguration;
			buildSettings = {
				ALWAYS_EMBED_SWIFT_STANDARD_LIBRARIES = YES;
				CODE_SIGN_STYLE = Automatic;
				DEVELOPMENT_TEAM = B39N84CHMB;
				INFOPLIST_FILE = "Trace my routeUITests/Info.plist";
				LD_RUNPATH_SEARCH_PATHS = "$(inherited) @executable_path/Frameworks @loader_path/Frameworks";
				PRODUCT_BUNDLE_IDENTIFIER = "com.deberlhe.jean-baptiste.Trace-my-routeUITests";
				PRODUCT_NAME = "$(TARGET_NAME)";
				SWIFT_VERSION = 4.0;
				TARGETED_DEVICE_FAMILY = "1,2";
				TEST_TARGET_NAME = "Trace my route";
			};
			name = Release;
		};
/* End XCBuildConfiguration section */

/* Begin XCConfigurationList section */
		D1EBA6191F72CD1A00E43BA5 /* Build configuration list for PBXProject "Trace my route" */ = {
			isa = XCConfigurationList;
			buildConfigurations = (
				D1EBA6441F72CD1A00E43BA5 /* Debug */,
				D1EBA6451F72CD1A00E43BA5 /* Release */,
			);
			defaultConfigurationIsVisible = 0;
			defaultConfigurationName = Release;
		};
		D1EBA6461F72CD1A00E43BA5 /* Build configuration list for PBXNativeTarget "Trace my route" */ = {
			isa = XCConfigurationList;
			buildConfigurations = (
				D1EBA6471F72CD1A00E43BA5 /* Debug */,
				D1EBA6481F72CD1A00E43BA5 /* Release */,
			);
			defaultConfigurationIsVisible = 0;
			defaultConfigurationName = Release;
		};
		D1EBA6491F72CD1A00E43BA5 /* Build configuration list for PBXNativeTarget "Trace my routeTests" */ = {
			isa = XCConfigurationList;
			buildConfigurations = (
				D1EBA64A1F72CD1A00E43BA5 /* Debug */,
				D1EBA64B1F72CD1A00E43BA5 /* Release */,
			);
			defaultConfigurationIsVisible = 0;
			defaultConfigurationName = Release;
		};
		D1EBA64C1F72CD1A00E43BA5 /* Build configuration list for PBXNativeTarget "Trace my routeUITests" */ = {
			isa = XCConfigurationList;
			buildConfigurations = (
				D1EBA64D1F72CD1A00E43BA5 /* Debug */,
				D1EBA64E1F72CD1A00E43BA5 /* Release */,
			);
			defaultConfigurationIsVisible = 0;
			defaultConfigurationName = Release;
		};
/* End XCConfigurationList section */
	};
	rootObject = D1EBA6161F72CD1A00E43BA5 /* Project object */;
}
